// !$*UTF8*$!
{
	archiveVersion = 1;
	classes = {
	};
	objectVersion = 56;
	objects = {

/* Begin PBXBuildFile section */
		9169AB7F2ABB483500AB6401 /* Observable.swift in Sources */ = {isa = PBXBuildFile; fileRef = 9169AB7E2ABB483500AB6401 /* Observable.swift */; };
		9169AB812ABB56BF00AB6401 /* MainCell.swift in Sources */ = {isa = PBXBuildFile; fileRef = 9169AB802ABB56BF00AB6401 /* MainCell.swift */; };
		9169AB832ABB585600AB6401 /* MainCellViewModel.swift in Sources */ = {isa = PBXBuildFile; fileRef = 9169AB822ABB585600AB6401 /* MainCellViewModel.swift */; };
		91DE9F482AB8D76000251B8A /* AppDelegate.swift in Sources */ = {isa = PBXBuildFile; fileRef = 91DE9F472AB8D76000251B8A /* AppDelegate.swift */; };
		91DE9F4A2AB8D76000251B8A /* SceneDelegate.swift in Sources */ = {isa = PBXBuildFile; fileRef = 91DE9F492AB8D76000251B8A /* SceneDelegate.swift */; };
		91DE9F4C2AB8D76000251B8A /* MainViewController.swift in Sources */ = {isa = PBXBuildFile; fileRef = 91DE9F4B2AB8D76000251B8A /* MainViewController.swift */; };
		91DE9F512AB8D76200251B8A /* Assets.xcassets in Resources */ = {isa = PBXBuildFile; fileRef = 91DE9F502AB8D76200251B8A /* Assets.xcassets */; };
		91DE9F542AB8D76200251B8A /* LaunchScreen.storyboard in Resources */ = {isa = PBXBuildFile; fileRef = 91DE9F522AB8D76200251B8A /* LaunchScreen.storyboard */; };
		91DE9F612AB8DB9D00251B8A /* MainViewController + TableView.swift in Sources */ = {isa = PBXBuildFile; fileRef = 91DE9F602AB8DB9D00251B8A /* MainViewController + TableView.swift */; };
		91DE9F632AB8DC6D00251B8A /* MainViewModel.swift in Sources */ = {isa = PBXBuildFile; fileRef = 91DE9F622AB8DC6D00251B8A /* MainViewModel.swift */; };
		91E0F4812ABA251200697F79 /* EndPoint.swift in Sources */ = {isa = PBXBuildFile; fileRef = 91E0F4802ABA251200697F79 /* EndPoint.swift */; };
		91E0F4832ABA262000697F79 /* Users.swift in Sources */ = {isa = PBXBuildFile; fileRef = 91E0F4822ABA262000697F79 /* Users.swift */; };
		91E0F4862ABA274800697F79 /* URLSession + Extensions.swift in Sources */ = {isa = PBXBuildFile; fileRef = 91E0F4852ABA274800697F79 /* URLSession + Extensions.swift */; };
		91E0F4882ABA284A00697F79 /* NetworkError.swift in Sources */ = {isa = PBXBuildFile; fileRef = 91E0F4872ABA284A00697F79 /* NetworkError.swift */; };
		91E0F48A2ABA289300697F79 /* NetworkRequest.swift in Sources */ = {isa = PBXBuildFile; fileRef = 91E0F4892ABA289300697F79 /* NetworkRequest.swift */; };
		91E0F48C2ABA297100697F79 /* NetworkDataFetch.swift in Sources */ = {isa = PBXBuildFile; fileRef = 91E0F48B2ABA297100697F79 /* NetworkDataFetch.swift */; };
/* End PBXBuildFile section */

/* Begin PBXFileReference section */
		9169AB7E2ABB483500AB6401 /* Observable.swift */ = {isa = PBXFileReference; lastKnownFileType = sourcecode.swift; path = Observable.swift; sourceTree = "<group>"; };
		9169AB802ABB56BF00AB6401 /* MainCell.swift */ = {isa = PBXFileReference; lastKnownFileType = sourcecode.swift; path = MainCell.swift; sourceTree = "<group>"; };
		9169AB822ABB585600AB6401 /* MainCellViewModel.swift */ = {isa = PBXFileReference; lastKnownFileType = sourcecode.swift; path = MainCellViewModel.swift; sourceTree = "<group>"; };
		91DE9F442AB8D76000251B8A /* SimpleMVVM.app */ = {isa = PBXFileReference; explicitFileType = wrapper.application; includeInIndex = 0; path = SimpleMVVM.app; sourceTree = BUILT_PRODUCTS_DIR; };
		91DE9F472AB8D76000251B8A /* AppDelegate.swift */ = {isa = PBXFileReference; lastKnownFileType = sourcecode.swift; path = AppDelegate.swift; sourceTree = "<group>"; };
		91DE9F492AB8D76000251B8A /* SceneDelegate.swift */ = {isa = PBXFileReference; lastKnownFileType = sourcecode.swift; path = SceneDelegate.swift; sourceTree = "<group>"; };
		91DE9F4B2AB8D76000251B8A /* MainViewController.swift */ = {isa = PBXFileReference; lastKnownFileType = sourcecode.swift; path = MainViewController.swift; sourceTree = "<group>"; };
		91DE9F502AB8D76200251B8A /* Assets.xcassets */ = {isa = PBXFileReference; lastKnownFileType = folder.assetcatalog; path = Assets.xcassets; sourceTree = "<group>"; };
		91DE9F532AB8D76200251B8A /* Base */ = {isa = PBXFileReference; lastKnownFileType = file.storyboard; name = Base; path = Base.lproj/LaunchScreen.storyboard; sourceTree = "<group>"; };
		91DE9F552AB8D76200251B8A /* Info.plist */ = {isa = PBXFileReference; lastKnownFileType = text.plist.xml; path = Info.plist; sourceTree = "<group>"; };
		91DE9F602AB8DB9D00251B8A /* MainViewController + TableView.swift */ = {isa = PBXFileReference; lastKnownFileType = sourcecode.swift; path = "MainViewController + TableView.swift"; sourceTree = "<group>"; };
		91DE9F622AB8DC6D00251B8A /* MainViewModel.swift */ = {isa = PBXFileReference; lastKnownFileType = sourcecode.swift; path = MainViewModel.swift; sourceTree = "<group>"; };
		91E0F4802ABA251200697F79 /* EndPoint.swift */ = {isa = PBXFileReference; lastKnownFileType = sourcecode.swift; path = EndPoint.swift; sourceTree = "<group>"; };
		91E0F4822ABA262000697F79 /* Users.swift */ = {isa = PBXFileReference; lastKnownFileType = sourcecode.swift; path = Users.swift; sourceTree = "<group>"; };
		91E0F4852ABA274800697F79 /* URLSession + Extensions.swift */ = {isa = PBXFileReference; lastKnownFileType = sourcecode.swift; path = "URLSession + Extensions.swift"; sourceTree = "<group>"; };
		91E0F4872ABA284A00697F79 /* NetworkError.swift */ = {isa = PBXFileReference; lastKnownFileType = sourcecode.swift; path = NetworkError.swift; sourceTree = "<group>"; };
		91E0F4892ABA289300697F79 /* NetworkRequest.swift */ = {isa = PBXFileReference; lastKnownFileType = sourcecode.swift; path = NetworkRequest.swift; sourceTree = "<group>"; };
		91E0F48B2ABA297100697F79 /* NetworkDataFetch.swift */ = {isa = PBXFileReference; lastKnownFileType = sourcecode.swift; path = NetworkDataFetch.swift; sourceTree = "<group>"; };
/* End PBXFileReference section */

/* Begin PBXFrameworksBuildPhase section */
		91DE9F412AB8D76000251B8A /* Frameworks */ = {
			isa = PBXFrameworksBuildPhase;
			buildActionMask = 2147483647;
			files = (
			);
			runOnlyForDeploymentPostprocessing = 0;
		};
/* End PBXFrameworksBuildPhase section */

/* Begin PBXGroup section */
		9169AB7D2ABB482200AB6401 /* Helpers */ = {
			isa = PBXGroup;
			children = (
				9169AB7E2ABB483500AB6401 /* Observable.swift */,
			);
			path = Helpers;
			sourceTree = "<group>";
		};
		91DE9F3B2AB8D76000251B8A = {
			isa = PBXGroup;
			children = (
				91DE9F462AB8D76000251B8A /* SimpleMVVM */,
				91DE9F452AB8D76000251B8A /* Products */,
			);
			sourceTree = "<group>";
		};
		91DE9F452AB8D76000251B8A /* Products */ = {
			isa = PBXGroup;
			children = (
				91DE9F442AB8D76000251B8A /* SimpleMVVM.app */,
			);
			name = Products;
			sourceTree = "<group>";
		};
		91DE9F462AB8D76000251B8A /* SimpleMVVM */ = {
			isa = PBXGroup;
			children = (
				91DE9F5B2AB8D92A00251B8A /* Application */,
				91DE9F5E2AB8D94C00251B8A /* Models */,
				91DE9F5C2AB8D93C00251B8A /* Views */,
				91DE9F5D2AB8D94400251B8A /* ViewModels */,
				91E0F47F2ABA24F300697F79 /* Network */,
				9169AB7D2ABB482200AB6401 /* Helpers */,
				91E0F4842ABA271E00697F79 /* Extensions */,
				91DE9F5F2AB8D95300251B8A /* Supporting Files */,
			);
			path = SimpleMVVM;
			sourceTree = "<group>";
		};
		91DE9F5B2AB8D92A00251B8A /* Application */ = {
			isa = PBXGroup;
			children = (
				91DE9F472AB8D76000251B8A /* AppDelegate.swift */,
				91DE9F492AB8D76000251B8A /* SceneDelegate.swift */,
			);
			path = Application;
			sourceTree = "<group>";
		};
		91DE9F5C2AB8D93C00251B8A /* Views */ = {
			isa = PBXGroup;
			children = (
				91DE9F4B2AB8D76000251B8A /* MainViewController.swift */,
				91DE9F602AB8DB9D00251B8A /* MainViewController + TableView.swift */,
				9169AB802ABB56BF00AB6401 /* MainCell.swift */,
			);
			path = Views;
			sourceTree = "<group>";
		};
		91DE9F5D2AB8D94400251B8A /* ViewModels */ = {
			isa = PBXGroup;
			children = (
				91DE9F622AB8DC6D00251B8A /* MainViewModel.swift */,
				9169AB822ABB585600AB6401 /* MainCellViewModel.swift */,
			);
			path = ViewModels;
			sourceTree = "<group>";
		};
		91DE9F5E2AB8D94C00251B8A /* Models */ = {
			isa = PBXGroup;
			children = (
				91E0F4822ABA262000697F79 /* Users.swift */,
			);
			path = Models;
			sourceTree = "<group>";
		};
		91DE9F5F2AB8D95300251B8A /* Supporting Files */ = {
			isa = PBXGroup;
			children = (
				91DE9F502AB8D76200251B8A /* Assets.xcassets */,
				91DE9F522AB8D76200251B8A /* LaunchScreen.storyboard */,
				91DE9F552AB8D76200251B8A /* Info.plist */,
			);
			path = "Supporting Files";
			sourceTree = "<group>";
		};
		91E0F47F2ABA24F300697F79 /* Network */ = {
			isa = PBXGroup;
			children = (
				91E0F4802ABA251200697F79 /* EndPoint.swift */,
				91E0F48B2ABA297100697F79 /* NetworkDataFetch.swift */,
				91E0F4872ABA284A00697F79 /* NetworkError.swift */,
				91E0F4892ABA289300697F79 /* NetworkRequest.swift */,
			);
			path = Network;
			sourceTree = "<group>";
		};
		91E0F4842ABA271E00697F79 /* Extensions */ = {
			isa = PBXGroup;
			children = (
				91E0F4852ABA274800697F79 /* URLSession + Extensions.swift */,
			);
			path = Extensions;
			sourceTree = "<group>";
		};
/* End PBXGroup section */

/* Begin PBXNativeTarget section */
		91DE9F432AB8D76000251B8A /* SimpleMVVM */ = {
			isa = PBXNativeTarget;
			buildConfigurationList = 91DE9F582AB8D76200251B8A /* Build configuration list for PBXNativeTarget "SimpleMVVM" */;
			buildPhases = (
				91DE9F402AB8D76000251B8A /* Sources */,
				91DE9F412AB8D76000251B8A /* Frameworks */,
				91DE9F422AB8D76000251B8A /* Resources */,
			);
			buildRules = (
			);
			dependencies = (
			);
			name = SimpleMVVM;
			productName = SimpleMVVM;
			productReference = 91DE9F442AB8D76000251B8A /* SimpleMVVM.app */;
			productType = "com.apple.product-type.application";
		};
/* End PBXNativeTarget section */

/* Begin PBXProject section */
		91DE9F3C2AB8D76000251B8A /* Project object */ = {
			isa = PBXProject;
			attributes = {
				BuildIndependentTargetsInParallel = 1;
				LastSwiftUpdateCheck = 1400;
				LastUpgradeCheck = 1400;
				TargetAttributes = {
					91DE9F432AB8D76000251B8A = {
						CreatedOnToolsVersion = 14.0.1;
					};
				};
			};
			buildConfigurationList = 91DE9F3F2AB8D76000251B8A /* Build configuration list for PBXProject "SimpleMVVM" */;
			compatibilityVersion = "Xcode 14.0";
			developmentRegion = en;
			hasScannedForEncodings = 0;
			knownRegions = (
				en,
				Base,
			);
			mainGroup = 91DE9F3B2AB8D76000251B8A;
			productRefGroup = 91DE9F452AB8D76000251B8A /* Products */;
			projectDirPath = "";
			projectRoot = "";
			targets = (
				91DE9F432AB8D76000251B8A /* SimpleMVVM */,
			);
		};
/* End PBXProject section */

/* Begin PBXResourcesBuildPhase section */
		91DE9F422AB8D76000251B8A /* Resources */ = {
			isa = PBXResourcesBuildPhase;
			buildActionMask = 2147483647;
			files = (
				91DE9F542AB8D76200251B8A /* LaunchScreen.storyboard in Resources */,
				91DE9F512AB8D76200251B8A /* Assets.xcassets in Resources */,
			);
			runOnlyForDeploymentPostprocessing = 0;
		};
/* End PBXResourcesBuildPhase section */

/* Begin PBXSourcesBuildPhase section */
		91DE9F402AB8D76000251B8A /* Sources */ = {
			isa = PBXSourcesBuildPhase;
			buildActionMask = 2147483647;
			files = (
				91E0F4812ABA251200697F79 /* EndPoint.swift in Sources */,
				91DE9F632AB8DC6D00251B8A /* MainViewModel.swift in Sources */,
				91E0F4862ABA274800697F79 /* URLSession + Extensions.swift in Sources */,
				9169AB832ABB585600AB6401 /* MainCellViewModel.swift in Sources */,
				91DE9F4C2AB8D76000251B8A /* MainViewController.swift in Sources */,
				9169AB7F2ABB483500AB6401 /* Observable.swift in Sources */,
				9169AB812ABB56BF00AB6401 /* MainCell.swift in Sources */,
				91E0F48A2ABA289300697F79 /* NetworkRequest.swift in Sources */,
				91DE9F612AB8DB9D00251B8A /* MainViewController + TableView.swift in Sources */,
				91DE9F482AB8D76000251B8A /* AppDelegate.swift in Sources */,
				91E0F48C2ABA297100697F79 /* NetworkDataFetch.swift in Sources */,
				91E0F4882ABA284A00697F79 /* NetworkError.swift in Sources */,
				91DE9F4A2AB8D76000251B8A /* SceneDelegate.swift in Sources */,
				91E0F4832ABA262000697F79 /* Users.swift in Sources */,
			);
			runOnlyForDeploymentPostprocessing = 0;
		};
/* End PBXSourcesBuildPhase section */

/* Begin PBXVariantGroup section */
		91DE9F522AB8D76200251B8A /* LaunchScreen.storyboard */ = {
			isa = PBXVariantGroup;
			children = (
				91DE9F532AB8D76200251B8A /* Base */,
			);
			name = LaunchScreen.storyboard;
			sourceTree = "<group>";
		};
/* End PBXVariantGroup section */

/* Begin XCBuildConfiguration section */
		91DE9F562AB8D76200251B8A /* Debug */ = {
			isa = XCBuildConfiguration;
			buildSettings = {
				ALWAYS_SEARCH_USER_PATHS = NO;
				CLANG_ANALYZER_NONNULL = YES;
				CLANG_ANALYZER_NUMBER_OBJECT_CONVERSION = YES_AGGRESSIVE;
				CLANG_CXX_LANGUAGE_STANDARD = "gnu++20";
				CLANG_ENABLE_MODULES = YES;
				CLANG_ENABLE_OBJC_ARC = YES;
				CLANG_ENABLE_OBJC_WEAK = YES;
				CLANG_WARN_BLOCK_CAPTURE_AUTORELEASING = YES;
				CLANG_WARN_BOOL_CONVERSION = YES;
				CLANG_WARN_COMMA = YES;
				CLANG_WARN_CONSTANT_CONVERSION = YES;
				CLANG_WARN_DEPRECATED_OBJC_IMPLEMENTATIONS = YES;
				CLANG_WARN_DIRECT_OBJC_ISA_USAGE = YES_ERROR;
				CLANG_WARN_DOCUMENTATION_COMMENTS = YES;
				CLANG_WARN_EMPTY_BODY = YES;
				CLANG_WARN_ENUM_CONVERSION = YES;
				CLANG_WARN_INFINITE_RECURSION = YES;
				CLANG_WARN_INT_CONVERSION = YES;
				CLANG_WARN_NON_LITERAL_NULL_CONVERSION = YES;
				CLANG_WARN_OBJC_IMPLICIT_RETAIN_SELF = YES;
				CLANG_WARN_OBJC_LITERAL_CONVERSION = YES;
				CLANG_WARN_OBJC_ROOT_CLASS = YES_ERROR;
				CLANG_WARN_QUOTED_INCLUDE_IN_FRAMEWORK_HEADER = YES;
				CLANG_WARN_RANGE_LOOP_ANALYSIS = YES;
				CLANG_WARN_STRICT_PROTOTYPES = YES;
				CLANG_WARN_SUSPICIOUS_MOVE = YES;
				CLANG_WARN_UNGUARDED_AVAILABILITY = YES_AGGRESSIVE;
				CLANG_WARN_UNREACHABLE_CODE = YES;
				CLANG_WARN__DUPLICATE_METHOD_MATCH = YES;
				COPY_PHASE_STRIP = NO;
				DEBUG_INFORMATION_FORMAT = dwarf;
				ENABLE_STRICT_OBJC_MSGSEND = YES;
				ENABLE_TESTABILITY = YES;
				GCC_C_LANGUAGE_STANDARD = gnu11;
				GCC_DYNAMIC_NO_PIC = NO;
				GCC_NO_COMMON_BLOCKS = YES;
				GCC_OPTIMIZATION_LEVEL = 0;
				GCC_PREPROCESSOR_DEFINITIONS = (
					"DEBUG=1",
					"$(inherited)",
				);
				GCC_WARN_64_TO_32_BIT_CONVERSION = YES;
				GCC_WARN_ABOUT_RETURN_TYPE = YES_ERROR;
				GCC_WARN_UNDECLARED_SELECTOR = YES;
				GCC_WARN_UNINITIALIZED_AUTOS = YES_AGGRESSIVE;
				GCC_WARN_UNUSED_FUNCTION = YES;
				GCC_WARN_UNUSED_VARIABLE = YES;
				IPHONEOS_DEPLOYMENT_TARGET = 16.0;
				MTL_ENABLE_DEBUG_INFO = INCLUDE_SOURCE;
				MTL_FAST_MATH = YES;
				ONLY_ACTIVE_ARCH = YES;
				SDKROOT = iphoneos;
				SWIFT_ACTIVE_COMPILATION_CONDITIONS = DEBUG;
				SWIFT_OPTIMIZATION_LEVEL = "-Onone";
			};
			name = Debug;
		};
		91DE9F572AB8D76200251B8A /* Release */ = {
			isa = XCBuildConfiguration;
			buildSettings = {
				ALWAYS_SEARCH_USER_PATHS = NO;
				CLANG_ANALYZER_NONNULL = YES;
				CLANG_ANALYZER_NUMBER_OBJECT_CONVERSION = YES_AGGRESSIVE;
				CLANG_CXX_LANGUAGE_STANDARD = "gnu++20";
				CLANG_ENABLE_MODULES = YES;
				CLANG_ENABLE_OBJC_ARC = YES;
				CLANG_ENABLE_OBJC_WEAK = YES;
				CLANG_WARN_BLOCK_CAPTURE_AUTORELEASING = YES;
				CLANG_WARN_BOOL_CONVERSION = YES;
				CLANG_WARN_COMMA = YES;
				CLANG_WARN_CONSTANT_CONVERSION = YES;
				CLANG_WARN_DEPRECATED_OBJC_IMPLEMENTATIONS = YES;
				CLANG_WARN_DIRECT_OBJC_ISA_USAGE = YES_ERROR;
				CLANG_WARN_DOCUMENTATION_COMMENTS = YES;
				CLANG_WARN_EMPTY_BODY = YES;
				CLANG_WARN_ENUM_CONVERSION = YES;
				CLANG_WARN_INFINITE_RECURSION = YES;
				CLANG_WARN_INT_CONVERSION = YES;
				CLANG_WARN_NON_LITERAL_NULL_CONVERSION = YES;
				CLANG_WARN_OBJC_IMPLICIT_RETAIN_SELF = YES;
				CLANG_WARN_OBJC_LITERAL_CONVERSION = YES;
				CLANG_WARN_OBJC_ROOT_CLASS = YES_ERROR;
				CLANG_WARN_QUOTED_INCLUDE_IN_FRAMEWORK_HEADER = YES;
				CLANG_WARN_RANGE_LOOP_ANALYSIS = YES;
				CLANG_WARN_STRICT_PROTOTYPES = YES;
				CLANG_WARN_SUSPICIOUS_MOVE = YES;
				CLANG_WARN_UNGUARDED_AVAILABILITY = YES_AGGRESSIVE;
				CLANG_WARN_UNREACHABLE_CODE = YES;
				CLANG_WARN__DUPLICATE_METHOD_MATCH = YES;
				COPY_PHASE_STRIP = NO;
				DEBUG_INFORMATION_FORMAT = "dwarf-with-dsym";
				ENABLE_NS_ASSERTIONS = NO;
				ENABLE_STRICT_OBJC_MSGSEND = YES;
				GCC_C_LANGUAGE_STANDARD = gnu11;
				GCC_NO_COMMON_BLOCKS = YES;
				GCC_WARN_64_TO_32_BIT_CONVERSION = YES;
				GCC_WARN_ABOUT_RETURN_TYPE = YES_ERROR;
				GCC_WARN_UNDECLARED_SELECTOR = YES;
				GCC_WARN_UNINITIALIZED_AUTOS = YES_AGGRESSIVE;
				GCC_WARN_UNUSED_FUNCTION = YES;
				GCC_WARN_UNUSED_VARIABLE = YES;
				IPHONEOS_DEPLOYMENT_TARGET = 16.0;
				MTL_ENABLE_DEBUG_INFO = NO;
				MTL_FAST_MATH = YES;
				SDKROOT = iphoneos;
				SWIFT_COMPILATION_MODE = wholemodule;
				SWIFT_OPTIMIZATION_LEVEL = "-O";
				VALIDATE_PRODUCT = YES;
			};
			name = Release;
		};
		91DE9F592AB8D76200251B8A /* Debug */ = {
			isa = XCBuildConfiguration;
			buildSettings = {
				ASSETCATALOG_COMPILER_APPICON_NAME = AppIcon;
				ASSETCATALOG_COMPILER_GLOBAL_ACCENT_COLOR_NAME = AccentColor;
				CODE_SIGN_STYLE = Automatic;
				CURRENT_PROJECT_VERSION = 1;
				GENERATE_INFOPLIST_FILE = YES;
				INFOPLIST_FILE = "SimpleMVVM/Supporting Files/Info.plist";
				INFOPLIST_KEY_UIApplicationSupportsIndirectInputEvents = YES;
				INFOPLIST_KEY_UILaunchStoryboardName = LaunchScreen;
				INFOPLIST_KEY_UISupportedInterfaceOrientations_iPad = "UIInterfaceOrientationPortrait UIInterfaceOrientationPortraitUpsideDown UIInterfaceOrientationLandscapeLeft UIInterfaceOrientationLandscapeRight";
				INFOPLIST_KEY_UISupportedInterfaceOrientations_iPhone = "UIInterfaceOrientationPortrait UIInterfaceOrientationLandscapeLeft UIInterfaceOrientationLandscapeRight";
				LD_RUNPATH_SEARCH_PATHS = (
					"$(inherited)",
					"@executable_path/Frameworks",
				);
				MARKETING_VERSION = 1.0;
				PRODUCT_BUNDLE_IDENTIFIER = test.SimpleMVVM;
				PRODUCT_NAME = "$(TARGET_NAME)";
				SWIFT_EMIT_LOC_STRINGS = YES;
				SWIFT_VERSION = 5.0;
				TARGETED_DEVICE_FAMILY = "1,2";
			};
			name = Debug;
		};
		91DE9F5A2AB8D76200251B8A /* Release */ = {
			isa = XCBuildConfiguration;
			buildSettings = {
				ASSETCATALOG_COMPILER_APPICON_NAME = AppIcon;
				ASSETCATALOG_COMPILER_GLOBAL_ACCENT_COLOR_NAME = AccentColor;
				CODE_SIGN_STYLE = Automatic;
				CURRENT_PROJECT_VERSION = 1;
				GENERATE_INFOPLIST_FILE = YES;
				INFOPLIST_FILE = "SimpleMVVM/Supporting Files/Info.plist";
				INFOPLIST_KEY_UIApplicationSupportsIndirectInputEvents = YES;
				INFOPLIST_KEY_UILaunchStoryboardName = LaunchScreen;
				INFOPLIST_KEY_UISupportedInterfaceOrientations_iPad = "UIInterfaceOrientationPortrait UIInterfaceOrientationPortraitUpsideDown UIInterfaceOrientationLandscapeLeft UIInterfaceOrientationLandscapeRight";
				INFOPLIST_KEY_UISupportedInterfaceOrientations_iPhone = "UIInterfaceOrientationPortrait UIInterfaceOrientationLandscapeLeft UIInterfaceOrientationLandscapeRight";
				LD_RUNPATH_SEARCH_PATHS = (
					"$(inherited)",
					"@executable_path/Frameworks",
				);
				MARKETING_VERSION = 1.0;
				PRODUCT_BUNDLE_IDENTIFIER = test.SimpleMVVM;
				PRODUCT_NAME = "$(TARGET_NAME)";
				SWIFT_EMIT_LOC_STRINGS = YES;
				SWIFT_VERSION = 5.0;
				TARGETED_DEVICE_FAMILY = "1,2";
			};
			name = Release;
		};
/* End XCBuildConfiguration section */

/* Begin XCConfigurationList section */
		91DE9F3F2AB8D76000251B8A /* Build configuration list for PBXProject "SimpleMVVM" */ = {
			isa = XCConfigurationList;
			buildConfigurations = (
				91DE9F562AB8D76200251B8A /* Debug */,
				91DE9F572AB8D76200251B8A /* Release */,
			);
			defaultConfigurationIsVisible = 0;
			defaultConfigurationName = Release;
		};
		91DE9F582AB8D76200251B8A /* Build configuration list for PBXNativeTarget "SimpleMVVM" */ = {
			isa = XCConfigurationList;
			buildConfigurations = (
				91DE9F592AB8D76200251B8A /* Debug */,
				91DE9F5A2AB8D76200251B8A /* Release */,
			);
			defaultConfigurationIsVisible = 0;
			defaultConfigurationName = Release;
		};
/* End XCConfigurationList section */
	};
	rootObject = 91DE9F3C2AB8D76000251B8A /* Project object */;
}
